// !$*UTF8*$!
{
	archiveVersion = 1;
	classes = {
	};
	objectVersion = 77;
	objects = {

/* Begin PBXBuildFile section */
		560BB3892E948DC40019D0BF /* Products.storekit in Resources */ = {isa = PBXBuildFile; fileRef = 560BB3882E948DC40019D0BF /* Products.storekit */; };
/* End PBXBuildFile section */

/* Begin PBXContainerItemProxy section */
		5651371A2E769B7A0041C5EF /* PBXContainerItemProxy */ = {
			isa = PBXContainerItemProxy;
			containerPortal = 565137042E769B790041C5EF /* Project object */;
			proxyType = 1;
			remoteGlobalIDString = 5651370B2E769B790041C5EF;
			remoteInfo = EasyDial;
		};
		565137242E769B7A0041C5EF /* PBXContainerItemProxy */ = {
			isa = PBXContainerItemProxy;
			containerPortal = 565137042E769B790041C5EF /* Project object */;
			proxyType = 1;
			remoteGlobalIDString = 5651370B2E769B790041C5EF;
			remoteInfo = EasyDial;
		};
/* End PBXContainerItemProxy section */

/* Begin PBXFileReference section */
		560BB3882E948DC40019D0BF /* Products.storekit */ = {isa = PBXFileReference; lastKnownFileType = text; path = Products.storekit; sourceTree = "<group>"; };
		5651370C2E769B790041C5EF /* EasyDial.app */ = {isa = PBXFileReference; explicitFileType = wrapper.application; includeInIndex = 0; path = EasyDial.app; sourceTree = BUILT_PRODUCTS_DIR; };
		565137192E769B7A0041C5EF /* EasyDialTests.xctest */ = {isa = PBXFileReference; explicitFileType = wrapper.cfbundle; includeInIndex = 0; path = EasyDialTests.xctest; sourceTree = BUILT_PRODUCTS_DIR; };
		565137232E769B7A0041C5EF /* EasyDialUITests.xctest */ = {isa = PBXFileReference; explicitFileType = wrapper.cfbundle; includeInIndex = 0; path = EasyDialUITests.xctest; sourceTree = BUILT_PRODUCTS_DIR; };
/* End PBXFileReference section */

/* Begin PBXFileSystemSynchronizedBuildFileExceptionSet section */
		56CBF8112E77440900A9F211 /* Exceptions for "EasyDial" folder in "EasyDial" target */ = {
			isa = PBXFileSystemSynchronizedBuildFileExceptionSet;
			membershipExceptions = (
				Info.plist,
			);
			target = 5651370B2E769B790041C5EF /* EasyDial */;
		};
/* End PBXFileSystemSynchronizedBuildFileExceptionSet section */

/* Begin PBXFileSystemSynchronizedRootGroup section */
		5651370E2E769B790041C5EF /* EasyDial */ = {
			isa = PBXFileSystemSynchronizedRootGroup;
			exceptions = (
				56CBF8112E77440900A9F211 /* Exceptions for "EasyDial" folder in "EasyDial" target */,
			);
			path = EasyDial;
			sourceTree = "<group>";
		};
		5651371C2E769B7A0041C5EF /* EasyDialTests */ = {
			isa = PBXFileSystemSynchronizedRootGroup;
			path = EasyDialTests;
			sourceTree = "<group>";
		};
		565137262E769B7A0041C5EF /* EasyDialUITests */ = {
			isa = PBXFileSystemSynchronizedRootGroup;
			path = EasyDialUITests;
			sourceTree = "<group>";
		};
/* End PBXFileSystemSynchronizedRootGroup section */

/* Begin PBXFrameworksBuildPhase section */
		565137092E769B790041C5EF /* Frameworks */ = {
			isa = PBXFrameworksBuildPhase;
			buildActionMask = 2147483647;
			files = (
			);
			runOnlyForDeploymentPostprocessing = 0;
		};
		565137162E769B7A0041C5EF /* Frameworks */ = {
			isa = PBXFrameworksBuildPhase;
			buildActionMask = 2147483647;
			files = (
			);
			runOnlyForDeploymentPostprocessing = 0;
		};
		565137202E769B7A0041C5EF /* Frameworks */ = {
			isa = PBXFrameworksBuildPhase;
			buildActionMask = 2147483647;
			files = (
			);
			runOnlyForDeploymentPostprocessing = 0;
		};
/* End PBXFrameworksBuildPhase section */

/* Begin PBXGroup section */
		565137032E769B790041C5EF = {
			isa = PBXGroup;
			children = (
				560BB3882E948DC40019D0BF /* Products.storekit */,
				5651370E2E769B790041C5EF /* EasyDial */,
				5651371C2E769B7A0041C5EF /* EasyDialTests */,
				565137262E769B7A0041C5EF /* EasyDialUITests */,
				5651370D2E769B790041C5EF /* Products */,
			);
			sourceTree = "<group>";
		};
		5651370D2E769B790041C5EF /* Products */ = {
			isa = PBXGroup;
			children = (
				5651370C2E769B790041C5EF /* EasyDial.app */,
				565137192E769B7A0041C5EF /* EasyDialTests.xctest */,
				565137232E769B7A0041C5EF /* EasyDialUITests.xctest */,
			);
			name = Products;
			sourceTree = "<group>";
		};
/* End PBXGroup section */

/* Begin PBXNativeTarget section */
		5651370B2E769B790041C5EF /* EasyDial */ = {
			isa = PBXNativeTarget;
			buildConfigurationList = 5651372D2E769B7A0041C5EF /* Build configuration list for PBXNativeTarget "EasyDial" */;
			buildPhases = (
				565137082E769B790041C5EF /* Sources */,
				565137092E769B790041C5EF /* Frameworks */,
				5651370A2E769B790041C5EF /* Resources */,
			);
			buildRules = (
			);
			dependencies = (
			);
			fileSystemSynchronizedGroups = (
				5651370E2E769B790041C5EF /* EasyDial */,
			);
			name = EasyDial;
			packageProductDependencies = (
			);
			productName = EasyDial;
			productReference = 5651370C2E769B790041C5EF /* EasyDial.app */;
			productType = "com.apple.product-type.application";
		};
		565137182E769B7A0041C5EF /* EasyDialTests */ = {
			isa = PBXNativeTarget;
			buildConfigurationList = 565137302E769B7A0041C5EF /* Build configuration list for PBXNativeTarget "EasyDialTests" */;
			buildPhases = (
				565137152E769B7A0041C5EF /* Sources */,
				565137162E769B7A0041C5EF /* Frameworks */,
				565137172E769B7A0041C5EF /* Resources */,
			);
			buildRules = (
			);
			dependencies = (
				5651371B2E769B7A0041C5EF /* PBXTargetDependency */,
			);
			fileSystemSynchronizedGroups = (
				5651371C2E769B7A0041C5EF /* EasyDialTests */,
			);
			name = EasyDialTests;
			packageProductDependencies = (
			);
			productName = EasyDialTests;
			productReference = 565137192E769B7A0041C5EF /* EasyDialTests.xctest */;
			productType = "com.apple.product-type.bundle.unit-test";
		};
		565137222E769B7A0041C5EF /* EasyDialUITests */ = {
			isa = PBXNativeTarget;
			buildConfigurationList = 565137332E769B7A0041C5EF /* Build configuration list for PBXNativeTarget "EasyDialUITests" */;
			buildPhases = (
				5651371F2E769B7A0041C5EF /* Sources */,
				565137202E769B7A0041C5EF /* Frameworks */,
				565137212E769B7A0041C5EF /* Resources */,
			);
			buildRules = (
			);
			dependencies = (
				565137252E769B7A0041C5EF /* PBXTargetDependency */,
			);
			fileSystemSynchronizedGroups = (
				565137262E769B7A0041C5EF /* EasyDialUITests */,
			);
			name = EasyDialUITests;
			packageProductDependencies = (
			);
			productName = EasyDialUITests;
			productReference = 565137232E769B7A0041C5EF /* EasyDialUITests.xctest */;
			productType = "com.apple.product-type.bundle.ui-testing";
		};
/* End PBXNativeTarget section */

/* Begin PBXProject section */
		565137042E769B790041C5EF /* Project object */ = {
			isa = PBXProject;
			attributes = {
				BuildIndependentTargetsInParallel = 1;
				LastSwiftUpdateCheck = 1640;
				LastUpgradeCheck = 1640;
				TargetAttributes = {
					5651370B2E769B790041C5EF = {
						CreatedOnToolsVersion = 16.4;
					};
					565137182E769B7A0041C5EF = {
						CreatedOnToolsVersion = 16.4;
						TestTargetID = 5651370B2E769B790041C5EF;
					};
					565137222E769B7A0041C5EF = {
						CreatedOnToolsVersion = 16.4;
						TestTargetID = 5651370B2E769B790041C5EF;
					};
				};
			};
			buildConfigurationList = 565137072E769B790041C5EF /* Build configuration list for PBXProject "EasyDial" */;
			developmentRegion = en;
			hasScannedForEncodings = 0;
			knownRegions = (
				en,
				Base,
			);
			mainGroup = 565137032E769B790041C5EF;
			minimizedProjectReferenceProxies = 1;
			preferredProjectObjectVersion = 77;
			productRefGroup = 5651370D2E769B790041C5EF /* Products */;
			projectDirPath = "";
			projectRoot = "";
			targets = (
				5651370B2E769B790041C5EF /* EasyDial */,
				565137182E769B7A0041C5EF /* EasyDialTests */,
				565137222E769B7A0041C5EF /* EasyDialUITests */,
			);
		};
/* End PBXProject section */

/* Begin PBXResourcesBuildPhase section */
		5651370A2E769B790041C5EF /* Resources */ = {
			isa = PBXResourcesBuildPhase;
			buildActionMask = 2147483647;
			files = (
				560BB3892E948DC40019D0BF /* Products.storekit in Resources */,
			);
			runOnlyForDeploymentPostprocessing = 0;
		};
		565137172E769B7A0041C5EF /* Resources */ = {
			isa = PBXResourcesBuildPhase;
			buildActionMask = 2147483647;
			files = (
			);
			runOnlyForDeploymentPostprocessing = 0;
		};
		565137212E769B7A0041C5EF /* Resources */ = {
			isa = PBXResourcesBuildPhase;
			buildActionMask = 2147483647;
			files = (
			);
			runOnlyForDeploymentPostprocessing = 0;
		};
/* End PBXResourcesBuildPhase section */

/* Begin PBXSourcesBuildPhase section */
		565137082E769B790041C5EF /* Sources */ = {
			isa = PBXSourcesBuildPhase;
			buildActionMask = 2147483647;
			files = (
			);
			runOnlyForDeploymentPostprocessing = 0;
		};
		565137152E769B7A0041C5EF /* Sources */ = {
			isa = PBXSourcesBuildPhase;
			buildActionMask = 2147483647;
			files = (
			);
			runOnlyForDeploymentPostprocessing = 0;
		};
		5651371F2E769B7A0041C5EF /* Sources */ = {
			isa = PBXSourcesBuildPhase;
			buildActionMask = 2147483647;
			files = (
			);
			runOnlyForDeploymentPostprocessing = 0;
		};
/* End PBXSourcesBuildPhase section */

/* Begin PBXTargetDependency section */
		5651371B2E769B7A0041C5EF /* PBXTargetDependency */ = {
			isa = PBXTargetDependency;
			target = 5651370B2E769B790041C5EF /* EasyDial */;
			targetProxy = 5651371A2E769B7A0041C5EF /* PBXContainerItemProxy */;
		};
		565137252E769B7A0041C5EF /* PBXTargetDependency */ = {
			isa = PBXTargetDependency;
			target = 5651370B2E769B790041C5EF /* EasyDial */;
			targetProxy = 565137242E769B7A0041C5EF /* PBXContainerItemProxy */;
		};
/* End PBXTargetDependency section */

/* Begin XCBuildConfiguration section */
		5651372B2E769B7A0041C5EF /* Debug */ = {
			isa = XCBuildConfiguration;
			buildSettings = {
				ALWAYS_SEARCH_USER_PATHS = NO;
				ASSETCATALOG_COMPILER_GENERATE_SWIFT_ASSET_SYMBOL_EXTENSIONS = YES;
				CLANG_ANALYZER_NONNULL = YES;
				CLANG_ANALYZER_NUMBER_OBJECT_CONVERSION = YES_AGGRESSIVE;
				CLANG_CXX_LANGUAGE_STANDARD = "gnu++20";
				CLANG_ENABLE_MODULES = YES;
				CLANG_ENABLE_OBJC_ARC = YES;
				CLANG_ENABLE_OBJC_WEAK = YES;
				CLANG_WARN_BLOCK_CAPTURE_AUTORELEASING = YES;
				CLANG_WARN_BOOL_CONVERSION = YES;
				CLANG_WARN_COMMA = YES;
				CLANG_WARN_CONSTANT_CONVERSION = YES;
				CLANG_WARN_DEPRECATED_OBJC_IMPLEMENTATIONS = YES;
				CLANG_WARN_DIRECT_OBJC_ISA_USAGE = YES_ERROR;
				CLANG_WARN_DOCUMENTATION_COMMENTS = YES;
				CLANG_WARN_EMPTY_BODY = YES;
				CLANG_WARN_ENUM_CONVERSION = YES;
				CLANG_WARN_INFINITE_RECURSION = YES;
				CLANG_WARN_INT_CONVERSION = YES;
				CLANG_WARN_NON_LITERAL_NULL_CONVERSION = YES;
				CLANG_WARN_OBJC_IMPLICIT_RETAIN_SELF = YES;
				CLANG_WARN_OBJC_LITERAL_CONVERSION = YES;
				CLANG_WARN_OBJC_ROOT_CLASS = YES_ERROR;
				CLANG_WARN_QUOTED_INCLUDE_IN_FRAMEWORK_HEADER = YES;
				CLANG_WARN_RANGE_LOOP_ANALYSIS = YES;
				CLANG_WARN_STRICT_PROTOTYPES = YES;
				CLANG_WARN_SUSPICIOUS_MOVE = YES;
				CLANG_WARN_UNGUARDED_AVAILABILITY = YES_AGGRESSIVE;
				CLANG_WARN_UNREACHABLE_CODE = YES;
				CLANG_WARN__DUPLICATE_METHOD_MATCH = YES;
				COPY_PHASE_STRIP = NO;
				DEBUG_INFORMATION_FORMAT = dwarf;
				DEVELOPMENT_TEAM = ATGKZ3X299;
				ENABLE_STRICT_OBJC_MSGSEND = YES;
				ENABLE_TESTABILITY = YES;
				ENABLE_USER_SCRIPT_SANDBOXING = YES;
				GCC_C_LANGUAGE_STANDARD = gnu17;
				GCC_DYNAMIC_NO_PIC = NO;
				GCC_NO_COMMON_BLOCKS = YES;
				GCC_OPTIMIZATION_LEVEL = 0;
				GCC_PREPROCESSOR_DEFINITIONS = (
					"DEBUG=1",
					"$(inherited)",
				);
				GCC_WARN_64_TO_32_BIT_CONVERSION = YES;
				GCC_WARN_ABOUT_RETURN_TYPE = YES_ERROR;
				GCC_WARN_UNDECLARED_SELECTOR = YES;
				GCC_WARN_UNINITIALIZED_AUTOS = YES_AGGRESSIVE;
				GCC_WARN_UNUSED_FUNCTION = YES;
				GCC_WARN_UNUSED_VARIABLE = YES;
				IPHONEOS_DEPLOYMENT_TARGET = 18.5;
				LOCALIZATION_PREFERS_STRING_CATALOGS = YES;
				MTL_ENABLE_DEBUG_INFO = INCLUDE_SOURCE;
				MTL_FAST_MATH = YES;
				ONLY_ACTIVE_ARCH = YES;
				SDKROOT = iphoneos;
				SWIFT_ACTIVE_COMPILATION_CONDITIONS = "DEBUG $(inherited)";
				SWIFT_OPTIMIZATION_LEVEL = "-Onone";
			};
			name = Debug;
		};
		5651372C2E769B7A0041C5EF /* Release */ = {
			isa = XCBuildConfiguration;
			buildSettings = {
				ALWAYS_SEARCH_USER_PATHS = NO;
				ASSETCATALOG_COMPILER_GENERATE_SWIFT_ASSET_SYMBOL_EXTENSIONS = YES;
				CLANG_ANALYZER_NONNULL = YES;
				CLANG_ANALYZER_NUMBER_OBJECT_CONVERSION = YES_AGGRESSIVE;
				CLANG_CXX_LANGUAGE_STANDARD = "gnu++20";
				CLANG_ENABLE_MODULES = YES;
				CLANG_ENABLE_OBJC_ARC = YES;
				CLANG_ENABLE_OBJC_WEAK = YES;
				CLANG_WARN_BLOCK_CAPTURE_AUTORELEASING = YES;
				CLANG_WARN_BOOL_CONVERSION = YES;
				CLANG_WARN_COMMA = YES;
				CLANG_WARN_CONSTANT_CONVERSION = YES;
				CLANG_WARN_DEPRECATED_OBJC_IMPLEMENTATIONS = YES;
				CLANG_WARN_DIRECT_OBJC_ISA_USAGE = YES_ERROR;
				CLANG_WARN_DOCUMENTATION_COMMENTS = YES;
				CLANG_WARN_EMPTY_BODY = YES;
				CLANG_WARN_ENUM_CONVERSION = YES;
				CLANG_WARN_INFINITE_RECURSION = YES;
				CLANG_WARN_INT_CONVERSION = YES;
				CLANG_WARN_NON_LITERAL_NULL_CONVERSION = YES;
				CLANG_WARN_OBJC_IMPLICIT_RETAIN_SELF = YES;
				CLANG_WARN_OBJC_LITERAL_CONVERSION = YES;
				CLANG_WARN_OBJC_ROOT_CLASS = YES_ERROR;
				CLANG_WARN_QUOTED_INCLUDE_IN_FRAMEWORK_HEADER = YES;
				CLANG_WARN_RANGE_LOOP_ANALYSIS = YES;
				CLANG_WARN_STRICT_PROTOTYPES = YES;
				CLANG_WARN_SUSPICIOUS_MOVE = YES;
				CLANG_WARN_UNGUARDED_AVAILABILITY = YES_AGGRESSIVE;
				CLANG_WARN_UNREACHABLE_CODE = YES;
				CLANG_WARN__DUPLICATE_METHOD_MATCH = YES;
				COPY_PHASE_STRIP = NO;
				DEBUG_INFORMATION_FORMAT = "dwarf-with-dsym";
				DEVELOPMENT_TEAM = ATGKZ3X299;
				ENABLE_NS_ASSERTIONS = NO;
				ENABLE_STRICT_OBJC_MSGSEND = YES;
				ENABLE_USER_SCRIPT_SANDBOXING = YES;
				GCC_C_LANGUAGE_STANDARD = gnu17;
				GCC_NO_COMMON_BLOCKS = YES;
				GCC_WARN_64_TO_32_BIT_CONVERSION = YES;
				GCC_WARN_ABOUT_RETURN_TYPE = YES_ERROR;
				GCC_WARN_UNDECLARED_SELECTOR = YES;
				GCC_WARN_UNINITIALIZED_AUTOS = YES_AGGRESSIVE;
				GCC_WARN_UNUSED_FUNCTION = YES;
				GCC_WARN_UNUSED_VARIABLE = YES;
				IPHONEOS_DEPLOYMENT_TARGET = 18.5;
				LOCALIZATION_PREFERS_STRING_CATALOGS = YES;
				MTL_ENABLE_DEBUG_INFO = NO;
				MTL_FAST_MATH = YES;
				SDKROOT = iphoneos;
				SWIFT_COMPILATION_MODE = wholemodule;
				VALIDATE_PRODUCT = YES;
			};
			name = Release;
		};
		5651372E2E769B7A0041C5EF /* Debug */ = {
			isa = XCBuildConfiguration;
			buildSettings = {
				ASSETCATALOG_COMPILER_APPICON_NAME = AppIcon;
				ASSETCATALOG_COMPILER_GLOBAL_ACCENT_COLOR_NAME = AccentColor;
				CODE_SIGN_STYLE = Automatic;
				CURRENT_PROJECT_VERSION = 6;
				DEVELOPMENT_TEAM = ATGKZ3X299;
				ENABLE_PREVIEWS = YES;
				GENERATE_INFOPLIST_FILE = YES;
				INFOPLIST_FILE = EasyDial/Info.plist;
				INFOPLIST_KEY_CFBundleDisplayName = "My Dial";
				INFOPLIST_KEY_LSApplicationCategoryType = "";
				INFOPLIST_KEY_NSContactsUsageDescription = "My Dial needs access to your contacts to display and manage your favorites.";
				INFOPLIST_KEY_NSHumanReadableCopyright = "© 2024 My Dial. All rights reserved.";
				INFOPLIST_KEY_UIApplicationSceneManifest_Generation = YES;
				INFOPLIST_KEY_UIApplicationSupportsIndirectInputEvents = YES;
				INFOPLIST_KEY_UILaunchScreen_Generation = YES;
				INFOPLIST_KEY_UISupportedInterfaceOrientations_iPad = "UIInterfaceOrientationPortrait UIInterfaceOrientationPortraitUpsideDown UIInterfaceOrientationLandscapeLeft UIInterfaceOrientationLandscapeRight";
				INFOPLIST_KEY_UISupportedInterfaceOrientations_iPhone = "UIInterfaceOrientationPortrait UIInterfaceOrientationLandscapeLeft UIInterfaceOrientationLandscapeRight";
				LD_RUNPATH_SEARCH_PATHS = (
					"$(inherited)",
					"@executable_path/Frameworks",
				);
				MARKETING_VERSION = 1.4.1;
				PRODUCT_BUNDLE_IDENTIFIER = com.tvrgod.EasyDial;
				PRODUCT_NAME = "$(TARGET_NAME)";
				SWIFT_EMIT_LOC_STRINGS = YES;
				SWIFT_VERSION = 5.0;
				TARGETED_DEVICE_FAMILY = "1,2";
			};
			name = Debug;
		};
		5651372F2E769B7A0041C5EF /* Release */ = {
			isa = XCBuildConfiguration;
			buildSettings = {
				ASSETCATALOG_COMPILER_APPICON_NAME = AppIcon;
				ASSETCATALOG_COMPILER_GLOBAL_ACCENT_COLOR_NAME = AccentColor;
				CODE_SIGN_STYLE = Automatic;
				CURRENT_PROJECT_VERSION = 6;
				DEVELOPMENT_TEAM = ATGKZ3X299;
				ENABLE_PREVIEWS = YES;
				GENERATE_INFOPLIST_FILE = YES;
				INFOPLIST_FILE = EasyDial/Info.plist;
				INFOPLIST_KEY_CFBundleDisplayName = "My Dial";
				INFOPLIST_KEY_LSApplicationCategoryType = "";
				INFOPLIST_KEY_NSContactsUsageDescription = "My Dial needs access to your contacts to display and manage your favorites.";
				INFOPLIST_KEY_NSHumanReadableCopyright = "© 2024 My Dial. All rights reserved.";
				INFOPLIST_KEY_UIApplicationSceneManifest_Generation = YES;
				INFOPLIST_KEY_UIApplicationSupportsIndirectInputEvents = YES;
				INFOPLIST_KEY_UILaunchScreen_Generation = YES;
				INFOPLIST_KEY_UISupportedInterfaceOrientations_iPad = "UIInterfaceOrientationPortrait UIInterfaceOrientationPortraitUpsideDown UIInterfaceOrientationLandscapeLeft UIInterfaceOrientationLandscapeRight";
				INFOPLIST_KEY_UISupportedInterfaceOrientations_iPhone = "UIInterfaceOrientationPortrait UIInterfaceOrientationLandscapeLeft UIInterfaceOrientationLandscapeRight";
				LD_RUNPATH_SEARCH_PATHS = (
					"$(inherited)",
					"@executable_path/Frameworks",
				);
				MARKETING_VERSION = 1.4.1;
				PRODUCT_BUNDLE_IDENTIFIER = com.tvrgod.EasyDial;
				PRODUCT_NAME = "$(TARGET_NAME)";
				SWIFT_EMIT_LOC_STRINGS = YES;
				SWIFT_VERSION = 5.0;
				TARGETED_DEVICE_FAMILY = "1,2";
			};
			name = Release;
		};
		565137312E769B7A0041C5EF /* Debug */ = {
			isa = XCBuildConfiguration;
			buildSettings = {
				BUNDLE_LOADER = "$(TEST_HOST)";
				CODE_SIGN_STYLE = Automatic;
				CURRENT_PROJECT_VERSION = 1;
				DEVELOPMENT_TEAM = ATGKZ3X299;
				GENERATE_INFOPLIST_FILE = YES;
				IPHONEOS_DEPLOYMENT_TARGET = 18.5;
				MARKETING_VERSION = 1.0;
				PRODUCT_BUNDLE_IDENTIFIER = com.tvrgod.EasyDialTests;
				PRODUCT_NAME = "$(TARGET_NAME)";
				SWIFT_EMIT_LOC_STRINGS = NO;
				SWIFT_VERSION = 5.0;
				TARGETED_DEVICE_FAMILY = "1,2";
				TEST_HOST = "$(BUILT_PRODUCTS_DIR)/EasyDial.app/$(BUNDLE_EXECUTABLE_FOLDER_PATH)/EasyDial";
			};
			name = Debug;
		};
		565137322E769B7A0041C5EF /* Release */ = {
			isa = XCBuildConfiguration;
			buildSettings = {
				BUNDLE_LOADER = "$(TEST_HOST)";
				CODE_SIGN_STYLE = Automatic;
				CURRENT_PROJECT_VERSION = 1;
				DEVELOPMENT_TEAM = ATGKZ3X299;
				GENERATE_INFOPLIST_FILE = YES;
				IPHONEOS_DEPLOYMENT_TARGET = 18.5;
				MARKETING_VERSION = 1.0;
				PRODUCT_BUNDLE_IDENTIFIER = com.tvrgod.EasyDialTests;
				PRODUCT_NAME = "$(TARGET_NAME)";
				SWIFT_EMIT_LOC_STRINGS = NO;
				SWIFT_VERSION = 5.0;
				TARGETED_DEVICE_FAMILY = "1,2";
				TEST_HOST = "$(BUILT_PRODUCTS_DIR)/EasyDial.app/$(BUNDLE_EXECUTABLE_FOLDER_PATH)/EasyDial";
			};
			name = Release;
		};
		565137342E769B7A0041C5EF /* Debug */ = {
			isa = XCBuildConfiguration;
			buildSettings = {
				CODE_SIGN_STYLE = Automatic;
				CURRENT_PROJECT_VERSION = 1;
				DEVELOPMENT_TEAM = ATGKZ3X299;
				GENERATE_INFOPLIST_FILE = YES;
				MARKETING_VERSION = 1.0;
				PRODUCT_BUNDLE_IDENTIFIER = com.tvrgod.EasyDialUITests;
				PRODUCT_NAME = "$(TARGET_NAME)";
				SWIFT_EMIT_LOC_STRINGS = NO;
				SWIFT_VERSION = 5.0;
				TARGETED_DEVICE_FAMILY = "1,2";
				TEST_TARGET_NAME = EasyDial;
			};
			name = Debug;
		};
		565137352E769B7A0041C5EF /* Release */ = {
			isa = XCBuildConfiguration;
			buildSettings = {
				CODE_SIGN_STYLE = Automatic;
				CURRENT_PROJECT_VERSION = 1;
				DEVELOPMENT_TEAM = ATGKZ3X299;
				GENERATE_INFOPLIST_FILE = YES;
				MARKETING_VERSION = 1.0;
				PRODUCT_BUNDLE_IDENTIFIER = com.tvrgod.EasyDialUITests;
				PRODUCT_NAME = "$(TARGET_NAME)";
				SWIFT_EMIT_LOC_STRINGS = NO;
				SWIFT_VERSION = 5.0;
				TARGETED_DEVICE_FAMILY = "1,2";
				TEST_TARGET_NAME = EasyDial;
			};
			name = Release;
		};
/* End XCBuildConfiguration section */

/* Begin XCConfigurationList section */
		565137072E769B790041C5EF /* Build configuration list for PBXProject "EasyDial" */ = {
			isa = XCConfigurationList;
			buildConfigurations = (
				5651372B2E769B7A0041C5EF /* Debug */,
				5651372C2E769B7A0041C5EF /* Release */,
			);
			defaultConfigurationIsVisible = 0;
			defaultConfigurationName = Release;
		};
		5651372D2E769B7A0041C5EF /* Build configuration list for PBXNativeTarget "EasyDial" */ = {
			isa = XCConfigurationList;
			buildConfigurations = (
				5651372E2E769B7A0041C5EF /* Debug */,
				5651372F2E769B7A0041C5EF /* Release */,
			);
			defaultConfigurationIsVisible = 0;
			defaultConfigurationName = Release;
		};
		565137302E769B7A0041C5EF /* Build configuration list for PBXNativeTarget "EasyDialTests" */ = {
			isa = XCConfigurationList;
			buildConfigurations = (
				565137312E769B7A0041C5EF /* Debug */,
				565137322E769B7A0041C5EF /* Release */,
			);
			defaultConfigurationIsVisible = 0;
			defaultConfigurationName = Release;
		};
		565137332E769B7A0041C5EF /* Build configuration list for PBXNativeTarget "EasyDialUITests" */ = {
			isa = XCConfigurationList;
			buildConfigurations = (
				565137342E769B7A0041C5EF /* Debug */,
				565137352E769B7A0041C5EF /* Release */,
			);
			defaultConfigurationIsVisible = 0;
			defaultConfigurationName = Release;
		};
/* End XCConfigurationList section */
	};
	rootObject = 565137042E769B790041C5EF /* Project object */;
}
